
Microsoft Visual Studio Solution File, Format Version 12.00
# Visual Studio Version 17
VisualStudioVersion = 17.3.32819.101
MinimumVisualStudioVersion = 10.0.40219.1
Project("{8BC9CEB8-8B4A-11D0-8D11-00A0C91BC942}") = "Complex", "Complex\Complex.vcxproj", "{3D772BCE-8B98-4D61-AC7D-67066C627C00}"
EndProject
Project("{8BC9CEB8-8B4A-11D0-8D11-00A0C91BC942}") = "Complex Testing Console", "Complex Testing Console\Complex Testing Console.vcxproj", "{8FF6CAA4-B6BF-4814-9ECD-2B47C7CF9F7D}"
	ProjectSection(ProjectDependencies) = postProject
		{3D772BCE-8B98-4D61-AC7D-67066C627C00} = {3D772BCE-8B98-4D61-AC7D-67066C627C00}
	EndProjectSection
EndProject
Global
	GlobalSection(SolutionConfigurationPlatforms) = preSolution
		Debug|ARM = Debug|ARM
		Debug|ARM64 = Debug|ARM64
		Debug|x64 = Debug|x64
		Debug|x86 = Debug|x86
		Release|ARM = Release|ARM
		Release|ARM64 = Release|ARM64
		Release|x64 = Release|x64
		Release|x86 = Release|x86
	EndGlobalSection
	GlobalSection(ProjectConfigurationPlatforms) = postSolution
		{3D772BCE-8B98-4D61-AC7D-67066C627C00}.Debug|ARM.ActiveCfg = Debug|ARM
		{3D772BCE-8B98-4D61-AC7D-67066C627C00}.Debug|ARM.Build.0 = Debug|ARM
		{3D772BCE-8B98-4D61-AC7D-67066C627C00}.Debug|ARM.Deploy.0 = Debug|ARM
		{3D772BCE-8B98-4D61-AC7D-67066C627C00}.Debug|ARM64.ActiveCfg = Debug|ARM64
		{3D772BCE-8B98-4D61-AC7D-67066C627C00}.Debug|ARM64.Build.0 = Debug|ARM64
		{3D772BCE-8B98-4D61-AC7D-67066C627C00}.Debug|ARM64.Deploy.0 = Debug|ARM64
		{3D772BCE-8B98-4D61-AC7D-67066C627C00}.Debug|x64.ActiveCfg = Debug|x64
		{3D772BCE-8B98-4D61-AC7D-67066C627C00}.Debug|x64.Build.0 = Debug|x64
		{3D772BCE-8B98-4D61-AC7D-67066C627C00}.Debug|x64.Deploy.0 = Debug|x64
		{3D772BCE-8B98-4D61-AC7D-67066C627C00}.Debug|x86.ActiveCfg = Debug|x86
		{3D772BCE-8B98-4D61-AC7D-67066C627C00}.Debug|x86.Build.0 = Debug|x86
		{3D772BCE-8B98-4D61-AC7D-67066C627C00}.Debug|x86.Deploy.0 = Debug|x86
		{3D772BCE-8B98-4D61-AC7D-67066C627C00}.Release|ARM.ActiveCfg = Release|ARM
		{3D772BCE-8B98-4D61-AC7D-67066C627C00}.Release|ARM.Build.0 = Release|ARM
		{3D772BCE-8B98-4D61-AC7D-67066C627C00}.Release|ARM.Deploy.0 = Release|ARM
		{3D772BCE-8B98-4D61-AC7D-67066C627C00}.Release|ARM64.ActiveCfg = Release|ARM64
		{3D772BCE-8B98-4D61-AC7D-67066C627C00}.Release|ARM64.Build.0 = Release|ARM64
		{3D772BCE-8B98-4D61-AC7D-67066C627C00}.Release|ARM64.Deploy.0 = Release|ARM64
		{3D772BCE-8B98-4D61-AC7D-67066C627C00}.Release|x64.ActiveCfg = Release|x64
		{3D772BCE-8B98-4D61-AC7D-67066C627C00}.Release|x64.Build.0 = Release|x64
		{3D772BCE-8B98-4D61-AC7D-67066C627C00}.Release|x64.Deploy.0 = Release|x64
		{3D772BCE-8B98-4D61-AC7D-67066C627C00}.Release|x86.ActiveCfg = Release|x86
		{3D772BCE-8B98-4D61-AC7D-67066C627C00}.Release|x86.Build.0 = Release|x86
		{3D772BCE-8B98-4D61-AC7D-67066C627C00}.Release|x86.Deploy.0 = Release|x86
		{8FF6CAA4-B6BF-4814-9ECD-2B47C7CF9F7D}.Debug|ARM.ActiveCfg = Debug|ARM
		{8FF6CAA4-B6BF-4814-9ECD-2B47C7CF9F7D}.Debug|ARM.Build.0 = Debug|ARM
		{8FF6CAA4-B6BF-4814-9ECD-2B47C7CF9F7D}.Debug|ARM.Deploy.0 = Debug|ARM
		{8FF6CAA4-B6BF-4814-9ECD-2B47C7CF9F7D}.Debug|ARM64.ActiveCfg = Debug|ARM64
		{8FF6CAA4-B6BF-4814-9ECD-2B47C7CF9F7D}.Debug|ARM64.Build.0 = Debug|ARM64
		{8FF6CAA4-B6BF-4814-9ECD-2B47C7CF9F7D}.Debug|ARM64.Deploy.0 = Debug|ARM64
		{8FF6CAA4-B6BF-4814-9ECD-2B47C7CF9F7D}.Debug|x64.ActiveCfg = Debug|x64
		{8FF6CAA4-B6BF-4814-9ECD-2B47C7CF9F7D}.Debug|x64.Build.0 = Debug|x64
		{8FF6CAA4-B6BF-4814-9ECD-2B47C7CF9F7D}.Debug|x64.Deploy.0 = Debug|x64
		{8FF6CAA4-B6BF-4814-9ECD-2B47C7CF9F7D}.Debug|x86.ActiveCfg = Debug|x86
		{8FF6CAA4-B6BF-4814-9ECD-2B47C7CF9F7D}.Debug|x86.Build.0 = Debug|x86
		{8FF6CAA4-B6BF-4814-9ECD-2B47C7CF9F7D}.Debug|x86.Deploy.0 = Debug|x86
		{8FF6CAA4-B6BF-4814-9ECD-2B47C7CF9F7D}.Release|ARM.ActiveCfg = Release|ARM
		{8FF6CAA4-B6BF-4814-9ECD-2B47C7CF9F7D}.Release|ARM.Build.0 = Release|ARM
		{8FF6CAA4-B6BF-4814-9ECD-2B47C7CF9F7D}.Release|ARM.Deploy.0 = Release|ARM
		{8FF6CAA4-B6BF-4814-9ECD-2B47C7CF9F7D}.Release|ARM64.ActiveCfg = Release|ARM64
		{8FF6CAA4-B6BF-4814-9ECD-2B47C7CF9F7D}.Release|ARM64.Build.0 = Release|ARM64
		{8FF6CAA4-B6BF-4814-9ECD-2B47C7CF9F7D}.Release|ARM64.Deploy.0 = Release|ARM64
		{8FF6CAA4-B6BF-4814-9ECD-2B47C7CF9F7D}.Release|x64.ActiveCfg = Release|x64
		{8FF6CAA4-B6BF-4814-9ECD-2B47C7CF9F7D}.Release|x64.Build.0 = Release|x64
		{8FF6CAA4-B6BF-4814-9ECD-2B47C7CF9F7D}.Release|x64.Deploy.0 = Release|x64
		{8FF6CAA4-B6BF-4814-9ECD-2B47C7CF9F7D}.Release|x86.ActiveCfg = Release|x86
		{8FF6CAA4-B6BF-4814-9ECD-2B47C7CF9F7D}.Release|x86.Build.0 = Release|x86
		{8FF6CAA4-B6BF-4814-9ECD-2B47C7CF9F7D}.Release|x86.Deploy.0 = Release|x86
	EndGlobalSection
	GlobalSection(SolutionProperties) = preSolution
		HideSolutionNode = FALSE
	EndGlobalSection
	GlobalSection(ExtensibilityGlobals) = postSolution
		SolutionGuid = {B7F50EA2-5579-422E-9D93-527D40D19D6A}
	EndGlobalSection
EndGlobal
